// !$*UTF8*$!
{
	archiveVersion = 1;
	classes = {
	};
	objectVersion = 56;
	objects = {

/* Begin PBXBuildFile section */
		ED0ABDAA2B8699AA00E86379 /* Roboto-Medium.ttf in Resources */ = {isa = PBXBuildFile; fileRef = ED0ABD9D2B8699AA00E86379 /* Roboto-Medium.ttf */; };
		ED0ABDAB2B8699AA00E86379 /* Roboto-Light.ttf in Resources */ = {isa = PBXBuildFile; fileRef = ED0ABD9E2B8699AA00E86379 /* Roboto-Light.ttf */; };
		ED0ABDAC2B8699AA00E86379 /* Roboto-Regular.ttf in Resources */ = {isa = PBXBuildFile; fileRef = ED0ABD9F2B8699AA00E86379 /* Roboto-Regular.ttf */; };
		ED0ABDAD2B8699AA00E86379 /* Roboto-MediumItalic.ttf in Resources */ = {isa = PBXBuildFile; fileRef = ED0ABDA02B8699AA00E86379 /* Roboto-MediumItalic.ttf */; };
		ED0ABDAE2B8699AA00E86379 /* Roboto-ThinItalic.ttf in Resources */ = {isa = PBXBuildFile; fileRef = ED0ABDA12B8699AA00E86379 /* Roboto-ThinItalic.ttf */; };
		ED0ABDAF2B8699AA00E86379 /* Roboto-BoldItalic.ttf in Resources */ = {isa = PBXBuildFile; fileRef = ED0ABDA22B8699AA00E86379 /* Roboto-BoldItalic.ttf */; };
		ED0ABDB02B8699AA00E86379 /* Roboto-LightItalic.ttf in Resources */ = {isa = PBXBuildFile; fileRef = ED0ABDA32B8699AA00E86379 /* Roboto-LightItalic.ttf */; };
		ED0ABDB12B8699AA00E86379 /* Roboto-Italic.ttf in Resources */ = {isa = PBXBuildFile; fileRef = ED0ABDA42B8699AA00E86379 /* Roboto-Italic.ttf */; };
		ED0ABDB22B8699AA00E86379 /* LICENSE.txt in Resources */ = {isa = PBXBuildFile; fileRef = ED0ABDA52B8699AA00E86379 /* LICENSE.txt */; };
		ED0ABDB32B8699AA00E86379 /* Roboto-BlackItalic.ttf in Resources */ = {isa = PBXBuildFile; fileRef = ED0ABDA62B8699AA00E86379 /* Roboto-BlackItalic.ttf */; };
		ED0ABDB42B8699AA00E86379 /* Roboto-Bold.ttf in Resources */ = {isa = PBXBuildFile; fileRef = ED0ABDA72B8699AA00E86379 /* Roboto-Bold.ttf */; };
		ED0ABDB52B8699AA00E86379 /* Roboto-Thin.ttf in Resources */ = {isa = PBXBuildFile; fileRef = ED0ABDA82B8699AA00E86379 /* Roboto-Thin.ttf */; };
		ED0ABDB62B8699AA00E86379 /* Roboto-Black.ttf in Resources */ = {isa = PBXBuildFile; fileRef = ED0ABDA92B8699AA00E86379 /* Roboto-Black.ttf */; };
		ED550C9D2B862B22005478F0 /* AppDelegate.swift in Sources */ = {isa = PBXBuildFile; fileRef = ED550C9C2B862B22005478F0 /* AppDelegate.swift */; };
		ED550C9F2B862B22005478F0 /* SceneDelegate.swift in Sources */ = {isa = PBXBuildFile; fileRef = ED550C9E2B862B22005478F0 /* SceneDelegate.swift */; };
		ED550CA12B862B22005478F0 /* ViewController.swift in Sources */ = {isa = PBXBuildFile; fileRef = ED550CA02B862B22005478F0 /* ViewController.swift */; };
		ED550CA62B862B23005478F0 /* Assets.xcassets in Resources */ = {isa = PBXBuildFile; fileRef = ED550CA52B862B23005478F0 /* Assets.xcassets */; };
		ED550CA92B862B23005478F0 /* LaunchScreen.storyboard in Resources */ = {isa = PBXBuildFile; fileRef = ED550CA72B862B23005478F0 /* LaunchScreen.storyboard */; };
/* End PBXBuildFile section */

/* Begin PBXFileReference section */
		ED0ABD9D2B8699AA00E86379 /* Roboto-Medium.ttf */ = {isa = PBXFileReference; lastKnownFileType = file; path = "Roboto-Medium.ttf"; sourceTree = "<group>"; };
		ED0ABD9E2B8699AA00E86379 /* Roboto-Light.ttf */ = {isa = PBXFileReference; lastKnownFileType = file; path = "Roboto-Light.ttf"; sourceTree = "<group>"; };
		ED0ABD9F2B8699AA00E86379 /* Roboto-Regular.ttf */ = {isa = PBXFileReference; lastKnownFileType = file; path = "Roboto-Regular.ttf"; sourceTree = "<group>"; };
		ED0ABDA02B8699AA00E86379 /* Roboto-MediumItalic.ttf */ = {isa = PBXFileReference; lastKnownFileType = file; path = "Roboto-MediumItalic.ttf"; sourceTree = "<group>"; };
		ED0ABDA12B8699AA00E86379 /* Roboto-ThinItalic.ttf */ = {isa = PBXFileReference; lastKnownFileType = file; path = "Roboto-ThinItalic.ttf"; sourceTree = "<group>"; };
		ED0ABDA22B8699AA00E86379 /* Roboto-BoldItalic.ttf */ = {isa = PBXFileReference; lastKnownFileType = file; path = "Roboto-BoldItalic.ttf"; sourceTree = "<group>"; };
		ED0ABDA32B8699AA00E86379 /* Roboto-LightItalic.ttf */ = {isa = PBXFileReference; lastKnownFileType = file; path = "Roboto-LightItalic.ttf"; sourceTree = "<group>"; };
		ED0ABDA42B8699AA00E86379 /* Roboto-Italic.ttf */ = {isa = PBXFileReference; lastKnownFileType = file; path = "Roboto-Italic.ttf"; sourceTree = "<group>"; };
		ED0ABDA52B8699AA00E86379 /* LICENSE.txt */ = {isa = PBXFileReference; fileEncoding = 4; lastKnownFileType = text; path = LICENSE.txt; sourceTree = "<group>"; };
		ED0ABDA62B8699AA00E86379 /* Roboto-BlackItalic.ttf */ = {isa = PBXFileReference; lastKnownFileType = file; path = "Roboto-BlackItalic.ttf"; sourceTree = "<group>"; };
		ED0ABDA72B8699AA00E86379 /* Roboto-Bold.ttf */ = {isa = PBXFileReference; lastKnownFileType = file; path = "Roboto-Bold.ttf"; sourceTree = "<group>"; };
		ED0ABDA82B8699AA00E86379 /* Roboto-Thin.ttf */ = {isa = PBXFileReference; lastKnownFileType = file; path = "Roboto-Thin.ttf"; sourceTree = "<group>"; };
		ED0ABDA92B8699AA00E86379 /* Roboto-Black.ttf */ = {isa = PBXFileReference; lastKnownFileType = file; path = "Roboto-Black.ttf"; sourceTree = "<group>"; };
		ED550C992B862B22005478F0 /* FoodDeliveryApp.app */ = {isa = PBXFileReference; explicitFileType = wrapper.application; includeInIndex = 0; path = FoodDeliveryApp.app; sourceTree = BUILT_PRODUCTS_DIR; };
		ED550C9C2B862B22005478F0 /* AppDelegate.swift */ = {isa = PBXFileReference; lastKnownFileType = sourcecode.swift; path = AppDelegate.swift; sourceTree = "<group>"; };
		ED550C9E2B862B22005478F0 /* SceneDelegate.swift */ = {isa = PBXFileReference; lastKnownFileType = sourcecode.swift; path = SceneDelegate.swift; sourceTree = "<group>"; };
		ED550CA02B862B22005478F0 /* ViewController.swift */ = {isa = PBXFileReference; lastKnownFileType = sourcecode.swift; path = ViewController.swift; sourceTree = "<group>"; };
		ED550CA52B862B23005478F0 /* Assets.xcassets */ = {isa = PBXFileReference; lastKnownFileType = folder.assetcatalog; path = Assets.xcassets; sourceTree = "<group>"; };
		ED550CA82B862B23005478F0 /* Base */ = {isa = PBXFileReference; lastKnownFileType = file.storyboard; name = Base; path = Base.lproj/LaunchScreen.storyboard; sourceTree = "<group>"; };
		ED550CAA2B862B23005478F0 /* Info.plist */ = {isa = PBXFileReference; lastKnownFileType = text.plist.xml; path = Info.plist; sourceTree = "<group>"; };
/* End PBXFileReference section */

/* Begin PBXFrameworksBuildPhase section */
		ED550C962B862B22005478F0 /* Frameworks */ = {
			isa = PBXFrameworksBuildPhase;
			buildActionMask = 2147483647;
			files = (
			);
			runOnlyForDeploymentPostprocessing = 0;
		};
/* End PBXFrameworksBuildPhase section */

/* Begin PBXGroup section */
		ED0ABD9A2B8699AA00E86379 /* Resources */ = {
			isa = PBXGroup;
			children = (
				ED0ABD9B2B8699AA00E86379 /* Fonts */,
			);
			path = Resources;
			sourceTree = "<group>";
		};
		ED0ABD9B2B8699AA00E86379 /* Fonts */ = {
			isa = PBXGroup;
			children = (
				ED0ABD9C2B8699AA00E86379 /* Roboto */,
			);
			path = Fonts;
			sourceTree = "<group>";
		};
		ED0ABD9C2B8699AA00E86379 /* Roboto */ = {
			isa = PBXGroup;
			children = (
				ED0ABD9D2B8699AA00E86379 /* Roboto-Medium.ttf */,
				ED0ABD9E2B8699AA00E86379 /* Roboto-Light.ttf */,
				ED0ABD9F2B8699AA00E86379 /* Roboto-Regular.ttf */,
				ED0ABDA02B8699AA00E86379 /* Roboto-MediumItalic.ttf */,
				ED0ABDA12B8699AA00E86379 /* Roboto-ThinItalic.ttf */,
				ED0ABDA22B8699AA00E86379 /* Roboto-BoldItalic.ttf */,
				ED0ABDA32B8699AA00E86379 /* Roboto-LightItalic.ttf */,
				ED0ABDA42B8699AA00E86379 /* Roboto-Italic.ttf */,
				ED0ABDA52B8699AA00E86379 /* LICENSE.txt */,
				ED0ABDA62B8699AA00E86379 /* Roboto-BlackItalic.ttf */,
				ED0ABDA72B8699AA00E86379 /* Roboto-Bold.ttf */,
				ED0ABDA82B8699AA00E86379 /* Roboto-Thin.ttf */,
				ED0ABDA92B8699AA00E86379 /* Roboto-Black.ttf */,
			);
			path = Roboto;
			sourceTree = "<group>";
		};
		ED550C902B862B22005478F0 = {
			isa = PBXGroup;
			children = (
				ED550C9B2B862B22005478F0 /* FoodDeliveryApp */,
				ED550C9A2B862B22005478F0 /* Products */,
			);
			sourceTree = "<group>";
		};
		ED550C9A2B862B22005478F0 /* Products */ = {
			isa = PBXGroup;
			children = (
				ED550C992B862B22005478F0 /* FoodDeliveryApp.app */,
			);
			name = Products;
			sourceTree = "<group>";
		};
		ED550C9B2B862B22005478F0 /* FoodDeliveryApp */ = {
			isa = PBXGroup;
			children = (
				ED0ABD9A2B8699AA00E86379 /* Resources */,
				ED550C9C2B862B22005478F0 /* AppDelegate.swift */,
				ED550C9E2B862B22005478F0 /* SceneDelegate.swift */,
				ED550CA02B862B22005478F0 /* ViewController.swift */,
				ED550CA52B862B23005478F0 /* Assets.xcassets */,
				ED550CA72B862B23005478F0 /* LaunchScreen.storyboard */,
				ED550CAA2B862B23005478F0 /* Info.plist */,
			);
			path = FoodDeliveryApp;
			sourceTree = "<group>";
		};
/* End PBXGroup section */

/* Begin PBXNativeTarget section */
		ED550C982B862B22005478F0 /* FoodDeliveryApp */ = {
			isa = PBXNativeTarget;
			buildConfigurationList = ED550CAD2B862B23005478F0 /* Build configuration list for PBXNativeTarget "FoodDeliveryApp" */;
			buildPhases = (
				ED550C952B862B22005478F0 /* Sources */,
				ED550C962B862B22005478F0 /* Frameworks */,
				ED550C972B862B22005478F0 /* Resources */,
			);
			buildRules = (
			);
			dependencies = (
			);
			name = FoodDeliveryApp;
			productName = FoodDeliveryApp;
			productReference = ED550C992B862B22005478F0 /* FoodDeliveryApp.app */;
			productType = "com.apple.product-type.application";
		};
/* End PBXNativeTarget section */

/* Begin PBXProject section */
		ED550C912B862B22005478F0 /* Project object */ = {
			isa = PBXProject;
			attributes = {
				BuildIndependentTargetsInParallel = 1;
				LastSwiftUpdateCheck = 1520;
				LastUpgradeCheck = 1520;
				TargetAttributes = {
					ED550C982B862B22005478F0 = {
						CreatedOnToolsVersion = 15.2;
					};
				};
			};
			buildConfigurationList = ED550C942B862B22005478F0 /* Build configuration list for PBXProject "FoodDeliveryApp" */;
			compatibilityVersion = "Xcode 14.0";
			developmentRegion = en;
			hasScannedForEncodings = 0;
			knownRegions = (
				en,
				Base,
			);
			mainGroup = ED550C902B862B22005478F0;
			productRefGroup = ED550C9A2B862B22005478F0 /* Products */;
			projectDirPath = "";
			projectRoot = "";
			targets = (
				ED550C982B862B22005478F0 /* FoodDeliveryApp */,
			);
		};
/* End PBXProject section */

/* Begin PBXResourcesBuildPhase section */
		ED550C972B862B22005478F0 /* Resources */ = {
			isa = PBXResourcesBuildPhase;
			buildActionMask = 2147483647;
			files = (
				ED0ABDB52B8699AA00E86379 /* Roboto-Thin.ttf in Resources */,
				ED0ABDB22B8699AA00E86379 /* LICENSE.txt in Resources */,
				ED0ABDB62B8699AA00E86379 /* Roboto-Black.ttf in Resources */,
				ED0ABDB42B8699AA00E86379 /* Roboto-Bold.ttf in Resources */,
				ED550CA92B862B23005478F0 /* LaunchScreen.storyboard in Resources */,
				ED550CA62B862B23005478F0 /* Assets.xcassets in Resources */,
				ED0ABDAF2B8699AA00E86379 /* Roboto-BoldItalic.ttf in Resources */,
				ED0ABDAC2B8699AA00E86379 /* Roboto-Regular.ttf in Resources */,
				ED0ABDAE2B8699AA00E86379 /* Roboto-ThinItalic.ttf in Resources */,
				ED0ABDB02B8699AA00E86379 /* Roboto-LightItalic.ttf in Resources */,
				ED0ABDB32B8699AA00E86379 /* Roboto-BlackItalic.ttf in Resources */,
				ED0ABDAB2B8699AA00E86379 /* Roboto-Light.ttf in Resources */,
				ED0ABDB12B8699AA00E86379 /* Roboto-Italic.ttf in Resources */,
				ED0ABDAD2B8699AA00E86379 /* Roboto-MediumItalic.ttf in Resources */,
				ED0ABDAA2B8699AA00E86379 /* Roboto-Medium.ttf in Resources */,
			);
			runOnlyForDeploymentPostprocessing = 0;
		};
/* End PBXResourcesBuildPhase section */

/* Begin PBXSourcesBuildPhase section */
		ED550C952B862B22005478F0 /* Sources */ = {
			isa = PBXSourcesBuildPhase;
			buildActionMask = 2147483647;
			files = (
				ED550CA12B862B22005478F0 /* ViewController.swift in Sources */,
				ED550C9D2B862B22005478F0 /* AppDelegate.swift in Sources */,
				ED550C9F2B862B22005478F0 /* SceneDelegate.swift in Sources */,
			);
			runOnlyForDeploymentPostprocessing = 0;
		};
/* End PBXSourcesBuildPhase section */

/* Begin PBXVariantGroup section */
		ED550CA72B862B23005478F0 /* LaunchScreen.storyboard */ = {
			isa = PBXVariantGroup;
			children = (
				ED550CA82B862B23005478F0 /* Base */,
			);
			name = LaunchScreen.storyboard;
			sourceTree = "<group>";
		};
/* End PBXVariantGroup section */

/* Begin XCBuildConfiguration section */
		ED550CAB2B862B23005478F0 /* Debug */ = {
			isa = XCBuildConfiguration;
			buildSettings = {
				ALWAYS_SEARCH_USER_PATHS = NO;
				ASSETCATALOG_COMPILER_GENERATE_SWIFT_ASSET_SYMBOL_EXTENSIONS = YES;
				CLANG_ANALYZER_NONNULL = YES;
				CLANG_ANALYZER_NUMBER_OBJECT_CONVERSION = YES_AGGRESSIVE;
				CLANG_CXX_LANGUAGE_STANDARD = "gnu++20";
				CLANG_ENABLE_MODULES = YES;
				CLANG_ENABLE_OBJC_ARC = YES;
				CLANG_ENABLE_OBJC_WEAK = YES;
				CLANG_WARN_BLOCK_CAPTURE_AUTORELEASING = YES;
				CLANG_WARN_BOOL_CONVERSION = YES;
				CLANG_WARN_COMMA = YES;
				CLANG_WARN_CONSTANT_CONVERSION = YES;
				CLANG_WARN_DEPRECATED_OBJC_IMPLEMENTATIONS = YES;
				CLANG_WARN_DIRECT_OBJC_ISA_USAGE = YES_ERROR;
				CLANG_WARN_DOCUMENTATION_COMMENTS = YES;
				CLANG_WARN_EMPTY_BODY = YES;
				CLANG_WARN_ENUM_CONVERSION = YES;
				CLANG_WARN_INFINITE_RECURSION = YES;
				CLANG_WARN_INT_CONVERSION = YES;
				CLANG_WARN_NON_LITERAL_NULL_CONVERSION = YES;
				CLANG_WARN_OBJC_IMPLICIT_RETAIN_SELF = YES;
				CLANG_WARN_OBJC_LITERAL_CONVERSION = YES;
				CLANG_WARN_OBJC_ROOT_CLASS = YES_ERROR;
				CLANG_WARN_QUOTED_INCLUDE_IN_FRAMEWORK_HEADER = YES;
				CLANG_WARN_RANGE_LOOP_ANALYSIS = YES;
				CLANG_WARN_STRICT_PROTOTYPES = YES;
				CLANG_WARN_SUSPICIOUS_MOVE = YES;
				CLANG_WARN_UNGUARDED_AVAILABILITY = YES_AGGRESSIVE;
				CLANG_WARN_UNREACHABLE_CODE = YES;
				CLANG_WARN__DUPLICATE_METHOD_MATCH = YES;
				COPY_PHASE_STRIP = NO;
				DEBUG_INFORMATION_FORMAT = dwarf;
				ENABLE_STRICT_OBJC_MSGSEND = YES;
				ENABLE_TESTABILITY = YES;
				ENABLE_USER_SCRIPT_SANDBOXING = YES;
				GCC_C_LANGUAGE_STANDARD = gnu17;
				GCC_DYNAMIC_NO_PIC = NO;
				GCC_NO_COMMON_BLOCKS = YES;
				GCC_OPTIMIZATION_LEVEL = 0;
				GCC_PREPROCESSOR_DEFINITIONS = (
					"DEBUG=1",
					"$(inherited)",
				);
				GCC_WARN_64_TO_32_BIT_CONVERSION = YES;
				GCC_WARN_ABOUT_RETURN_TYPE = YES_ERROR;
				GCC_WARN_UNDECLARED_SELECTOR = YES;
				GCC_WARN_UNINITIALIZED_AUTOS = YES_AGGRESSIVE;
				GCC_WARN_UNUSED_FUNCTION = YES;
				GCC_WARN_UNUSED_VARIABLE = YES;
				IPHONEOS_DEPLOYMENT_TARGET = 17.2;
				LOCALIZATION_PREFERS_STRING_CATALOGS = YES;
				MTL_ENABLE_DEBUG_INFO = INCLUDE_SOURCE;
				MTL_FAST_MATH = YES;
				ONLY_ACTIVE_ARCH = YES;
				SDKROOT = iphoneos;
				SWIFT_ACTIVE_COMPILATION_CONDITIONS = "DEBUG $(inherited)";
				SWIFT_OPTIMIZATION_LEVEL = "-Onone";
			};
			name = Debug;
		};
		ED550CAC2B862B23005478F0 /* Release */ = {
			isa = XCBuildConfiguration;
			buildSettings = {
				ALWAYS_SEARCH_USER_PATHS = NO;
				ASSETCATALOG_COMPILER_GENERATE_SWIFT_ASSET_SYMBOL_EXTENSIONS = YES;
				CLANG_ANALYZER_NONNULL = YES;
				CLANG_ANALYZER_NUMBER_OBJECT_CONVERSION = YES_AGGRESSIVE;
				CLANG_CXX_LANGUAGE_STANDARD = "gnu++20";
				CLANG_ENABLE_MODULES = YES;
				CLANG_ENABLE_OBJC_ARC = YES;
				CLANG_ENABLE_OBJC_WEAK = YES;
				CLANG_WARN_BLOCK_CAPTURE_AUTORELEASING = YES;
				CLANG_WARN_BOOL_CONVERSION = YES;
				CLANG_WARN_COMMA = YES;
				CLANG_WARN_CONSTANT_CONVERSION = YES;
				CLANG_WARN_DEPRECATED_OBJC_IMPLEMENTATIONS = YES;
				CLANG_WARN_DIRECT_OBJC_ISA_USAGE = YES_ERROR;
				CLANG_WARN_DOCUMENTATION_COMMENTS = YES;
				CLANG_WARN_EMPTY_BODY = YES;
				CLANG_WARN_ENUM_CONVERSION = YES;
				CLANG_WARN_INFINITE_RECURSION = YES;
				CLANG_WARN_INT_CONVERSION = YES;
				CLANG_WARN_NON_LITERAL_NULL_CONVERSION = YES;
				CLANG_WARN_OBJC_IMPLICIT_RETAIN_SELF = YES;
				CLANG_WARN_OBJC_LITERAL_CONVERSION = YES;
				CLANG_WARN_OBJC_ROOT_CLASS = YES_ERROR;
				CLANG_WARN_QUOTED_INCLUDE_IN_FRAMEWORK_HEADER = YES;
				CLANG_WARN_RANGE_LOOP_ANALYSIS = YES;
				CLANG_WARN_STRICT_PROTOTYPES = YES;
				CLANG_WARN_SUSPICIOUS_MOVE = YES;
				CLANG_WARN_UNGUARDED_AVAILABILITY = YES_AGGRESSIVE;
				CLANG_WARN_UNREACHABLE_CODE = YES;
				CLANG_WARN__DUPLICATE_METHOD_MATCH = YES;
				COPY_PHASE_STRIP = NO;
				DEBUG_INFORMATION_FORMAT = "dwarf-with-dsym";
				ENABLE_NS_ASSERTIONS = NO;
				ENABLE_STRICT_OBJC_MSGSEND = YES;
				ENABLE_USER_SCRIPT_SANDBOXING = YES;
				GCC_C_LANGUAGE_STANDARD = gnu17;
				GCC_NO_COMMON_BLOCKS = YES;
				GCC_WARN_64_TO_32_BIT_CONVERSION = YES;
				GCC_WARN_ABOUT_RETURN_TYPE = YES_ERROR;
				GCC_WARN_UNDECLARED_SELECTOR = YES;
				GCC_WARN_UNINITIALIZED_AUTOS = YES_AGGRESSIVE;
				GCC_WARN_UNUSED_FUNCTION = YES;
				GCC_WARN_UNUSED_VARIABLE = YES;
				IPHONEOS_DEPLOYMENT_TARGET = 17.2;
				LOCALIZATION_PREFERS_STRING_CATALOGS = YES;
				MTL_ENABLE_DEBUG_INFO = NO;
				MTL_FAST_MATH = YES;
				SDKROOT = iphoneos;
				SWIFT_COMPILATION_MODE = wholemodule;
				VALIDATE_PRODUCT = YES;
			};
			name = Release;
		};
		ED550CAE2B862B23005478F0 /* Debug */ = {
			isa = XCBuildConfiguration;
			buildSettings = {
				ASSETCATALOG_COMPILER_APPICON_NAME = AppIcon;
				ASSETCATALOG_COMPILER_GLOBAL_ACCENT_COLOR_NAME = AccentColor;
				CODE_SIGN_STYLE = Automatic;
				CURRENT_PROJECT_VERSION = 1;
				DEVELOPMENT_TEAM = RS7JS7MYMJ;
				GENERATE_INFOPLIST_FILE = YES;
				INFOPLIST_FILE = FoodDeliveryApp/Info.plist;
				INFOPLIST_KEY_UIApplicationSupportsIndirectInputEvents = YES;
				INFOPLIST_KEY_UILaunchStoryboardName = LaunchScreen;
				INFOPLIST_KEY_UIMainStoryboardFile = "";
				INFOPLIST_KEY_UISupportedInterfaceOrientations_iPad = "UIInterfaceOrientationPortrait UIInterfaceOrientationPortraitUpsideDown UIInterfaceOrientationLandscapeLeft UIInterfaceOrientationLandscapeRight";
				INFOPLIST_KEY_UISupportedInterfaceOrientations_iPhone = "UIInterfaceOrientationPortrait UIInterfaceOrientationLandscapeLeft UIInterfaceOrientationLandscapeRight";
				LD_RUNPATH_SEARCH_PATHS = (
					"$(inherited)",
					"@executable_path/Frameworks",
				);
				MARKETING_VERSION = 1.0;
				PRODUCT_BUNDLE_IDENTIFIER = com.kseverin.FoodDeliveryApp;
				PRODUCT_NAME = "$(TARGET_NAME)";
				SWIFT_EMIT_LOC_STRINGS = YES;
				SWIFT_VERSION = 5.0;
				TARGETED_DEVICE_FAMILY = "1,2";
			};
			name = Debug;
		};
		ED550CAF2B862B23005478F0 /* Release */ = {
			isa = XCBuildConfiguration;
			buildSettings = {
				ASSETCATALOG_COMPILER_APPICON_NAME = AppIcon;
				ASSETCATALOG_COMPILER_GLOBAL_ACCENT_COLOR_NAME = AccentColor;
				CODE_SIGN_STYLE = Automatic;
				CURRENT_PROJECT_VERSION = 1;
				DEVELOPMENT_TEAM = RS7JS7MYMJ;
				GENERATE_INFOPLIST_FILE = YES;
				INFOPLIST_FILE = FoodDeliveryApp/Info.plist;
				INFOPLIST_KEY_UIApplicationSupportsIndirectInputEvents = YES;
				INFOPLIST_KEY_UILaunchStoryboardName = LaunchScreen;
				INFOPLIST_KEY_UIMainStoryboardFile = "";
				INFOPLIST_KEY_UISupportedInterfaceOrientations_iPad = "UIInterfaceOrientationPortrait UIInterfaceOrientationPortraitUpsideDown UIInterfaceOrientationLandscapeLeft UIInterfaceOrientationLandscapeRight";
				INFOPLIST_KEY_UISupportedInterfaceOrientations_iPhone = "UIInterfaceOrientationPortrait UIInterfaceOrientationLandscapeLeft UIInterfaceOrientationLandscapeRight";
				LD_RUNPATH_SEARCH_PATHS = (
					"$(inherited)",
					"@executable_path/Frameworks",
				);
				MARKETING_VERSION = 1.0;
				PRODUCT_BUNDLE_IDENTIFIER = com.kseverin.FoodDeliveryApp;
				PRODUCT_NAME = "$(TARGET_NAME)";
				SWIFT_EMIT_LOC_STRINGS = YES;
				SWIFT_VERSION = 5.0;
				TARGETED_DEVICE_FAMILY = "1,2";
			};
			name = Release;
		};
/* End XCBuildConfiguration section */

/* Begin XCConfigurationList section */
		ED550C942B862B22005478F0 /* Build configuration list for PBXProject "FoodDeliveryApp" */ = {
			isa = XCConfigurationList;
			buildConfigurations = (
				ED550CAB2B862B23005478F0 /* Debug */,
				ED550CAC2B862B23005478F0 /* Release */,
			);
			defaultConfigurationIsVisible = 0;
			defaultConfigurationName = Release;
		};
		ED550CAD2B862B23005478F0 /* Build configuration list for PBXNativeTarget "FoodDeliveryApp" */ = {
			isa = XCConfigurationList;
			buildConfigurations = (
				ED550CAE2B862B23005478F0 /* Debug */,
				ED550CAF2B862B23005478F0 /* Release */,
			);
			defaultConfigurationIsVisible = 0;
			defaultConfigurationName = Release;
		};
/* End XCConfigurationList section */
	};
	rootObject = ED550C912B862B22005478F0 /* Project object */;
}
